version = 1
revision = 3
requires-python = "==3.12.*"

[[package]]
name = "annotated-types"
version = "0.7.0"
source = { registry = "https://pypi.org/simple" }
sdist = { url = "https://files.pythonhosted.org/packages/ee/67/531ea369ba64dcff5ec9c3402f9f51bf748cec26dde048a2f973a4eea7f5/annotated_types-0.7.0.tar.gz", hash = "sha256:aff07c09a53a08bc8cfccb9c85b05f1aa9a2a6f23728d790723543408344ce89", size = 16081, upload-time = "2024-05-20T21:33:25.928Z" }
wheels = [
    { url = "https://files.pythonhosted.org/packages/78/b6/6307fbef88d9b5ee7421e68d78a9f162e0da4900bc5f5793f6d3d0e34fb8/annotated_types-0.7.0-py3-none-any.whl", hash = "sha256:1f02e8b43a8fbbc3f3e0d4f0f4bfc8131bcb4eebe8849b8e5c773f3a1c582a53", size = 13643, upload-time = "2024-05-20T21:33:24.1Z" },
]

[[package]]
name = "anyio"
version = "4.13.0"
source = { registry = "https://pypi.org/simple" }
dependencies = [
    { name = "idna" },
    { name = "typing-extensions" },
]
sdist = { url = "https://files.pythonhosted.org/packages/19/14/2c5dd9f512b66549ae92767a9c7b330ae88e1932ca57876909410251fe13/anyio-4.13.0.tar.gz", hash = "sha256:334b70e641fd2221c1505b3890c69882fe4a2df910cba14d97019b90b24439dc", size = 231622, upload-time = "2026-03-24T12:59:09.671Z" }
wheels = [
    { url = "https://files.pythonhosted.org/packages/da/42/e921fccf5015463e32a3cf6ee7f980a6ed0f395ceeaa45060b61d86486c2/anyio-4.13.0-py3-none-any.whl", hash = "sha256:08b310f9e24a9594186fd75b4f73f4a4152069e3853f1ed8bfbf58369f4ad708", size = 114353, upload-time = "2026-03-24T12:59:08.246Z" },
]

[[package]]
name = "certifi"
version = "2026.4.22"
source = { registry = "https://pypi.org/simple" }
sdist = { url = "https://files.pythonhosted.org/packages/25/ee/6caf7a40c36a1220410afe15a1cc64993a1f864871f698c0f93acb72842a/certifi-2026.4.22.tar.gz", hash = "sha256:8d455352a37b71bf76a79caa83a3d6c25afee4a385d632127b6afb3963f1c580", size = 137077, upload-time = "2026-04-22T11:26:11.191Z" }
wheels = [
    { url = "https://files.pythonhosted.org/packages/22/30/7cd8fdcdfbc5b869528b079bfb76dcdf6056b1a2097a662e5e8c04f42965/certifi-2026.4.22-py3-none-any.whl", hash = "sha256:3cb2210c8f88ba2318d29b0388d1023c8492ff72ecdde4ebdaddbb13a31b1c4a", size = 135707, upload-time = "2026-04-22T11:26:09.372Z" },
]

[[package]]
name = "chess-ai-desktop-image-tools"
version = "0.1.0"
source = { virtual = "." }
dependencies = [
    { name = "openai" },
    { name = "pillow" },
    { name = "python-dotenv" },
]

[package.metadata]
requires-dist = [
    { name = "openai", specifier = ">=1.107.0" },
    { name = "pillow", specifier = ">=11.2.1" },
    { name = "python-dotenv", specifier = ">=1.0.1" },
]

[[package]]
name = "colorama"
version = "0.4.6"
source = { registry = "https://pypi.org/simple" }
sdist = { url = "https://files.pythonhosted.org/packages/d8/53/6f443c9a4a8358a93a6792e2acffb9d9d5cb0a5cfd8802644b7b1c9a02e4/colorama-0.4.6.tar.gz", hash = "sha256:08695f5cb7ed6e0531a20572697297273c47b8cae5a63ffc6d6ed5c201be6e44", size = 27697, upload-time = "2022-10-25T02:36:22.414Z" }
wheels = [
    { url = "https://files.pythonhosted.org/packages/d1/d6/3965ed04c63042e047cb6a3e6ed1a63a35087b6a609aa3a15ed8ac56c221/colorama-0.4.6-py2.py3-none-any.whl", hash = "sha256:4f1d9991f5acc0ca119f9d443620b77f9d6b33703e51011c16baf57afb285fc6", size = 25335, upload-time = "2022-10-25T02:36:20.889Z" },
]

[[package]]
name = "distro"
version = "1.9.0"
source = { registry = "https://pypi.org/simple" }
sdist = { url = "https://files.pythonhosted.org/packages/fc/f8/98eea607f65de6527f8a2e8885fc8015d3e6f5775df186e443e0964a11c3/distro-1.9.0.tar.gz", hash = "sha256:2fa77c6fd8940f116ee1d6b94a2f90b13b5ea8d019b98bc8bafdcabcdd9bdbed", size = 60722, upload-time = "2023-12-24T09:54:32.31Z" }
wheels = [
    { url = "https://files.pythonhosted.org/packages/12/b3/231ffd4ab1fc9d679809f356cebee130ac7daa00d6d6f3206dd4fd137e9e/distro-1.9.0-py3-none-any.whl", hash = "sha256:7bffd925d65168f85027d8da9af6bddab658135b840670a223589bc0c8ef02b2", size = 20277, upload-time = "2023-12-24T09:54:30.421Z" },
]

[[package]]
name = "h11"
version = "0.16.0"
source = { registry = "https://pypi.org/simple" }
sdist = { url = "https://files.pythonhosted.org/packages/01/ee/02a2c011bdab74c6fb3c75474d40b3052059d95df7e73351460c8588d963/h11-0.16.0.tar.gz", hash = "sha256:4e35b956cf45792e4caa5885e69fba00bdbc6ffafbfa020300e549b208ee5ff1", size = 101250, upload-time = "2025-04-24T03:35:25.427Z" }
wheels = [
    { url = "https://files.pythonhosted.org/packages/04/4b/29cac41a4d98d144bf5f6d33995617b185d14b22401f75ca86f384e87ff1/h11-0.16.0-py3-none-any.whl", hash = "sha256:63cf8bbe7522de3bf65932fda1d9c2772064ffb3dae62d55932da54b31cb6c86", size = 37515, upload-time = "2025-04-24T03:35:24.344Z" },
]

[[package]]
name = "httpcore"
version = "1.0.9"
source = { registry = "https://pypi.org/simple" }
dependencies = [
    { name = "certifi" },
    { name = "h11" },
]
sdist = { url = "https://files.pythonhosted.org/packages/06/94/82699a10bca87a5556c9c59b5963f2d039dbd239f25bc2a63907a05a14cb/httpcore-1.0.9.tar.gz", hash = "sha256:6e34463af53fd2ab5d807f399a9b45ea31c3dfa2276f15a2c3f00afff6e176e8", size = 85484, upload-time = "2025-04-24T22:06:22.219Z" }
wheels = [
    { url = "https://files.pythonhosted.org/packages/7e/f5/f66802a942d491edb555dd61e3a9961140fd64c90bce1eafd741609d334d/httpcore-1.0.9-py3-none-any.whl", hash = "sha256:2d400746a40668fc9dec9810239072b40b4484b640a8c38fd654a024c7a1bf55", size = 78784, upload-time = "2025-04-24T22:06:20.566Z" },
]

[[package]]
name = "httpx"
version = "0.28.1"
source = { registry = "https://pypi.org/simple" }
dependencies = [
    { name = "anyio" },
    { name = "certifi" },
    { name = "httpcore" },
    { name = "idna" },
]
sdist = { url = "https://files.pythonhosted.org/packages/b1/df/48c586a5fe32a0f01324ee087459e112ebb7224f646c0b5023f5e79e9956/httpx-0.28.1.tar.gz", hash = "sha256:75e98c5f16b0f35b567856f597f06ff2270a374470a5c2392242528e3e3e42fc", size = 141406, upload-time = "2024-12-06T15:37:23.222Z" }
wheels = [
    { url = "https://files.pythonhosted.org/packages/2a/39/e50c7c3a983047577ee07d2a9e53faf5a69493943ec3f6a384bdc792deb2/httpx-0.28.1-py3-none-any.whl", hash = "sha256:d909fcccc110f8c7faf814ca82a9a4d816bc5a6dbfea25d6591d6985b8ba59ad", size = 73517, upload-time = "2024-12-06T15:37:21.509Z" },
]

[[package]]
name = "idna"
version = "3.13"
source = { registry = "https://pypi.org/simple" }
sdist = { url = "https://files.pythonhosted.org/packages/ce/cc/762dfb036166873f0059f3b7de4565e1b5bc3d6f28a414c13da27e442f99/idna-3.13.tar.gz", hash = "sha256:585ea8fe5d69b9181ec1afba340451fba6ba764af97026f92a91d4eef164a242", size = 194210, upload-time = "2026-04-22T16:42:42.314Z" }
wheels = [
    { url = "https://files.pythonhosted.org/packages/5d/13/ad7d7ca3808a898b4612b6fe93cde56b53f3034dcde235acb1f0e1df24c6/idna-3.13-py3-none-any.whl", hash = "sha256:892ea0cde124a99ce773decba204c5552b69c3c67ffd5f232eb7696135bc8bb3", size = 68629, upload-time = "2026-04-22T16:42:40.909Z" },
]

[[package]]
name = "jiter"
version = "0.14.0"
source = { registry = "https://pypi.org/simple" }
sdist = { url = "https://files.pythonhosted.org/packages/6e/c1/0cddc6eb17d4c53a99840953f95dd3accdc5cfc7a337b0e9b26476276be9/jiter-0.14.0.tar.gz", hash = "sha256:e8a39e66dac7153cf3f964a12aad515afa8d74938ec5cc0018adcdae5367c79e", size = 165725, upload-time = "2026-04-10T14:28:42.01Z" }
wheels = [
    { url = "https://files.pythonhosted.org/packages/5a/68/7390a418f10897da93b158f2d5a8bd0bcd73a0f9ec3bb36917085bb759ef/jiter-0.14.0-cp312-cp312-macosx_10_12_x86_64.whl", hash = "sha256:2fb2ce3a7bc331256dfb14cefc34832366bb28a9aca81deaf43bbf2a5659e607", size = 316295, upload-time = "2026-04-10T14:26:24.887Z" },
    { url = "https://files.pythonhosted.org/packages/60/a0/5854ac00ff63551c52c6c89534ec6aba4b93474e7924d64e860b1c94165b/jiter-0.14.0-cp312-cp312-macosx_11_0_arm64.whl", hash = "sha256:5252a7ca23785cef5d02d4ece6077a1b556a410c591b379f82091c3001e14844", size = 315898, upload-time = "2026-04-10T14:26:26.601Z" },
    { url = "https://files.pythonhosted.org/packages/41/a1/4f44832650a16b18e8391f1bf1d6ca4909bc738351826bcc198bba4357f4/jiter-0.14.0-cp312-cp312-manylinux_2_17_aarch64.manylinux2014_aarch64.whl", hash = "sha256:c409578cbd77c338975670ada777add4efd53379667edf0aceea730cabede6fb", size = 343730, upload-time = "2026-04-10T14:26:28.326Z" },
    { url = "https://files.pythonhosted.org/packages/48/64/a329e9d469f86307203594b1707e11ae51c3348d03bfd514a5f997870012/jiter-0.14.0-cp312-cp312-manylinux_2_17_armv7l.manylinux2014_armv7l.whl", hash = "sha256:7ede4331a1899d604463369c730dbb961ffdc5312bc7f16c41c2896415b1304a", size = 370102, upload-time = "2026-04-10T14:26:30.089Z" },
    { url = "https://files.pythonhosted.org/packages/94/c1/5e3dfc59635aa4d4c7bd20a820ac1d09b8ed851568356802cf1c08edb3cf/jiter-0.14.0-cp312-cp312-manylinux_2_17_ppc64le.manylinux2014_ppc64le.whl", hash = "sha256:92cd8b6025981a041f5310430310b55b25ca593972c16407af8837d3d7d2ca01", size = 461335, upload-time = "2026-04-10T14:26:31.911Z" },
    { url = "https://files.pythonhosted.org/packages/e3/1b/dd157009dbc058f7b00108f545ccb72a2d56461395c4fc7b9cfdccb00af4/jiter-0.14.0-cp312-cp312-manylinux_2_17_s390x.manylinux2014_s390x.whl", hash = "sha256:351bf6eda4e3a7ceb876377840c702e9a3e4ecc4624dbfb2d6463c67ae52637d", size = 378536, upload-time = "2026-04-10T14:26:33.595Z" },
    { url = "https://files.pythonhosted.org/packages/91/78/256013667b7c10b8834f8e6e54cd3e562d4c6e34227a1596addccc05e38c/jiter-0.14.0-cp312-cp312-manylinux_2_17_x86_64.manylinux2014_x86_64.whl", hash = "sha256:c1dcfbeb93d9ecd9ca128bbf8910120367777973fa193fb9a39c31237d8df165", size = 353859, upload-time = "2026-04-10T14:26:35.098Z" },
    { url = "https://files.pythonhosted.org/packages/de/d9/137d65ade9093a409fe80955ce60b12bb753722c986467aeda47faf450ad/jiter-0.14.0-cp312-cp312-manylinux_2_31_riscv64.whl", hash = "sha256:ae039aaef8de3f8157ecc1fdd4d85043ac4f57538c245a0afaecb8321ec951c3", size = 357626, upload-time = "2026-04-10T14:26:36.685Z" },
    { url = "https://files.pythonhosted.org/packages/2e/48/76750835b87029342727c1a268bea8878ab988caf81ee4e7b880900eeb5a/jiter-0.14.0-cp312-cp312-manylinux_2_5_i686.manylinux1_i686.whl", hash = "sha256:7d9d51eb96c82a9652933bd769fe6de66877d6eb2b2440e281f2938c51b5643e", size = 393172, upload-time = "2026-04-10T14:26:38.097Z" },
    { url = "https://files.pythonhosted.org/packages/a6/60/456c4e81d5c8045279aefe60e9e483be08793828800a4e64add8fdde7f2a/jiter-0.14.0-cp312-cp312-musllinux_1_1_aarch64.whl", hash = "sha256:d824ca4148b705970bf4e120924a212fdfca9859a73e42bd7889a63a4ea6bb98", size = 520300, upload-time = "2026-04-10T14:26:39.532Z" },
    { url = "https://files.pythonhosted.org/packages/a8/9f/2020e0984c235f678dced38fe4eec3058cf528e6af36ebf969b410305941/jiter-0.14.0-cp312-cp312-musllinux_1_1_x86_64.whl", hash = "sha256:ff3a6465b3a0f54b1a430f45c3c0ba7d61ceb45cbc3e33f9e1a7f638d690baf3", size = 553059, upload-time = "2026-04-10T14:26:40.991Z" },
    { url = "https://files.pythonhosted.org/packages/ef/32/e2d298e1a22a4bbe6062136d1c7192db7dba003a6975e51d9a9eecabc4c2/jiter-0.14.0-cp312-cp312-win32.whl", hash = "sha256:5dec7c0a3e98d2a3f8a2e67382d0d7c3ac60c69103a4b271da889b4e8bb1e129", size = 206030, upload-time = "2026-04-10T14:26:42.517Z" },
    { url = "https://files.pythonhosted.org/packages/36/ac/96369141b3d8a4a8e4590e983085efe1c436f35c0cda940dd76d942e3e40/jiter-0.14.0-cp312-cp312-win_amd64.whl", hash = "sha256:fc7e37b4b8bc7e80a63ad6cfa5fc11fab27dbfea4cc4ae644b1ab3f273dc348f", size = 201603, upload-time = "2026-04-10T14:26:44.328Z" },
    { url = "https://files.pythonhosted.org/packages/01/c3/75d847f264647017d7e3052bbcc8b1e24b95fa139c320c5f5066fa7a0bdd/jiter-0.14.0-cp312-cp312-win_arm64.whl", hash = "sha256:ee4a72f12847ef29b072aee9ad5474041ab2924106bdca9fcf5d7d965853e057", size = 191525, upload-time = "2026-04-10T14:26:46Z" },
    { url = "https://files.pythonhosted.org/packages/21/42/9042c3f3019de4adcb8c16591c325ec7255beea9fcd33a42a43f3b0b1000/jiter-0.14.0-graalpy312-graalpy250_312_native-macosx_10_12_x86_64.whl", hash = "sha256:fbd9e482663ca9d005d051330e4d2d8150bb208a209409c10f7e7dfdf7c49da9", size = 308810, upload-time = "2026-04-10T14:28:34.673Z" },
    { url = "https://files.pythonhosted.org/packages/60/cf/a7e19b308bd86bb04776803b1f01a5f9a287a4c55205f4708827ee487fbf/jiter-0.14.0-graalpy312-graalpy250_312_native-macosx_11_0_arm64.whl", hash = "sha256:33a20d838b91ef376b3a56896d5b04e725c7df5bc4864cc6569cf046a8d73b6d", size = 308443, upload-time = "2026-04-10T14:28:36.658Z" },
    { url = "https://files.pythonhosted.org/packages/ca/44/e26ede3f0caeff93f222559cb0cc4ca68579f07d009d7b6010c5b586f9b1/jiter-0.14.0-graalpy312-graalpy250_312_native-manylinux_2_17_aarch64.manylinux2014_aarch64.whl", hash = "sha256:432c4db5255d86a259efde91e55cb4c8d18c0521d844c9e2e7efcce3899fb016", size = 343039, upload-time = "2026-04-10T14:28:38.356Z" },
    { url = "https://files.pythonhosted.org/packages/da/e9/1f9ada30cef7b05e74bb06f52127e7a724976c225f46adb65c37b1dadfb6/jiter-0.14.0-graalpy312-graalpy250_312_native-manylinux_2_17_x86_64.manylinux2014_x86_64.whl", hash = "sha256:67f00d94b281174144d6532a04b66a12cb866cbdc47c3af3bfe2973677f9861a", size = 349613, upload-time = "2026-04-10T14:28:40.066Z" },
]

[[package]]
name = "openai"
version = "2.34.0"
source = { registry = "https://pypi.org/simple" }
dependencies = [
    { name = "anyio" },
    { name = "distro" },
    { name = "httpx" },
    { name = "jiter" },
    { name = "pydantic" },
    { name = "sniffio" },
    { name = "tqdm" },
    { name = "typing-extensions" },
]
sdist = { url = "https://files.pythonhosted.org/packages/7b/89/f1e78f5f828f4e97a6ebca8f45c6b35667da12b074ac490dc8362b882279/openai-2.34.0.tar.gz", hash = "sha256:828b4efcbb126352c2b5eb97d33ae890c92a71ab72511aefc1b7fe64aeccb07b", size = 759556, upload-time = "2026-05-04T17:34:08.721Z" }
wheels = [
    { url = "https://files.pythonhosted.org/packages/f2/40/f090499f10514515081d09cb9da09f25b821eb20497e9423afe4f07b4ecf/openai-2.34.0-py3-none-any.whl", hash = "sha256:c996a71b1a210f3569844572ad4c609307e978515fb76877cf449b72596e549e", size = 1316535, upload-time = "2026-05-04T17:34:06.773Z" },
]

[[package]]
name = "pillow"
version = "12.2.0"
source = { registry = "https://pypi.org/simple" }
sdist = { url = "https://files.pythonhosted.org/packages/8c/21/c2bcdd5906101a30244eaffc1b6e6ce71a31bd0742a01eb89e660ebfac2d/pillow-12.2.0.tar.gz", hash = "sha256:a830b1a40919539d07806aa58e1b114df53ddd43213d9c8b75847eee6c0182b5", size = 46987819, upload-time = "2026-04-01T14:46:17.687Z" }
wheels = [
    { url = "https://files.pythonhosted.org/packages/58/be/7482c8a5ebebbc6470b3eb791812fff7d5e0216c2be3827b30b8bb6603ed/pillow-12.2.0-cp312-cp312-macosx_10_13_x86_64.whl", hash = "sha256:2d192a155bbcec180f8564f693e6fd9bccff5a7af9b32e2e4bf8c9c69dbad6b5", size = 5308279, upload-time = "2026-04-01T14:43:13.246Z" },
    { url = "https://files.pythonhosted.org/packages/d8/95/0a351b9289c2b5cbde0bacd4a83ebc44023e835490a727b2a3bd60ddc0f4/pillow-12.2.0-cp312-cp312-macosx_11_0_arm64.whl", hash = "sha256:f3f40b3c5a968281fd507d519e444c35f0ff171237f4fdde090dd60699458421", size = 4695490, upload-time = "2026-04-01T14:43:15.584Z" },
    { url = "https://files.pythonhosted.org/packages/de/af/4e8e6869cbed569d43c416fad3dc4ecb944cb5d9492defaed89ddd6fe871/pillow-12.2.0-cp312-cp312-manylinux2014_aarch64.manylinux_2_17_aarch64.whl", hash = "sha256:03e7e372d5240cc23e9f07deca4d775c0817bffc641b01e9c3af208dbd300987", size = 6284462, upload-time = "2026-04-01T14:43:18.268Z" },
    { url = "https://files.pythonhosted.org/packages/e9/9e/c05e19657fd57841e476be1ab46c4d501bffbadbafdc31a6d665f8b737b6/pillow-12.2.0-cp312-cp312-manylinux2014_x86_64.manylinux_2_17_x86_64.whl", hash = "sha256:b86024e52a1b269467a802258c25521e6d742349d760728092e1bc2d135b4d76", size = 8094744, upload-time = "2026-04-01T14:43:20.716Z" },
    { url = "https://files.pythonhosted.org/packages/2b/54/1789c455ed10176066b6e7e6da1b01e50e36f94ba584dc68d9eebfe9156d/pillow-12.2.0-cp312-cp312-manylinux_2_27_aarch64.manylinux_2_28_aarch64.whl", hash = "sha256:7371b48c4fa448d20d2714c9a1f775a81155050d383333e0a6c15b1123dda005", size = 6398371, upload-time = "2026-04-01T14:43:23.443Z" },
    { url = "https://files.pythonhosted.org/packages/43/e3/fdc657359e919462369869f1c9f0e973f353f9a9ee295a39b1fea8ee1a77/pillow-12.2.0-cp312-cp312-manylinux_2_27_x86_64.manylinux_2_28_x86_64.whl", hash = "sha256:62f5409336adb0663b7caa0da5c7d9e7bdbaae9ce761d34669420c2a801b2780", size = 7087215, upload-time = "2026-04-01T14:43:26.758Z" },
    { url = "https://files.pythonhosted.org/packages/8b/f8/2f6825e441d5b1959d2ca5adec984210f1ec086435b0ed5f52c19b3b8a6e/pillow-12.2.0-cp312-cp312-musllinux_1_2_aarch64.whl", hash = "sha256:01afa7cf67f74f09523699b4e88c73fb55c13346d212a59a2db1f86b0a63e8c5", size = 6509783, upload-time = "2026-04-01T14:43:29.56Z" },
    { url = "https://files.pythonhosted.org/packages/67/f9/029a27095ad20f854f9dba026b3ea6428548316e057e6fc3545409e86651/pillow-12.2.0-cp312-cp312-musllinux_1_2_x86_64.whl", hash = "sha256:fc3d34d4a8fbec3e88a79b92e5465e0f9b842b628675850d860b8bd300b159f5", size = 7212112, upload-time = "2026-04-01T14:43:32.091Z" },
    { url = "https://files.pythonhosted.org/packages/be/42/025cfe05d1be22dbfdb4f264fe9de1ccda83f66e4fc3aac94748e784af04/pillow-12.2.0-cp312-cp312-win32.whl", hash = "sha256:58f62cc0f00fd29e64b29f4fd923ffdb3859c9f9e6105bfc37ba1d08994e8940", size = 6378489, upload-time = "2026-04-01T14:43:34.601Z" },
    { url = "https://files.pythonhosted.org/packages/5d/7b/25a221d2c761c6a8ae21bfa3874988ff2583e19cf8a27bf2fee358df7942/pillow-12.2.0-cp312-cp312-win_amd64.whl", hash = "sha256:7f84204dee22a783350679a0333981df803dac21a0190d706a50475e361c93f5", size = 7084129, upload-time = "2026-04-01T14:43:37.213Z" },
    { url = "https://files.pythonhosted.org/packages/10/e1/542a474affab20fd4a0f1836cb234e8493519da6b76899e30bcc5d990b8b/pillow-12.2.0-cp312-cp312-win_arm64.whl", hash = "sha256:af73337013e0b3b46f175e79492d96845b16126ddf79c438d7ea7ff27783a414", size = 2463612, upload-time = "2026-04-01T14:43:39.421Z" },
]

[[package]]
name = "pydantic"
version = "2.13.3"
source = { registry = "https://pypi.org/simple" }
dependencies = [
    { name = "annotated-types" },
    { name = "pydantic-core" },
    { name = "typing-extensions" },
    { name = "typing-inspection" },
]
sdist = { url = "https://files.pythonhosted.org/packages/d9/e4/40d09941a2cebcb20609b86a559817d5b9291c49dd6f8c87e5feffbe703a/pydantic-2.13.3.tar.gz", hash = "sha256:af09e9d1d09f4e7fe37145c1f577e1d61ceb9a41924bf0094a36506285d0a84d", size = 844068, upload-time = "2026-04-20T14:46:43.632Z" }
wheels = [
    { url = "https://files.pythonhosted.org/packages/f3/0a/fd7d723f8f8153418fb40cf9c940e82004fce7e987026b08a68a36dd3fe7/pydantic-2.13.3-py3-none-any.whl", hash = "sha256:6db14ac8dfc9a1e57f87ea2c0de670c251240f43cb0c30a5130e9720dc612927", size = 471981, upload-time = "2026-04-20T14:46:41.402Z" },
]

[[package]]
name = "pydantic-core"
version = "2.46.3"
source = { registry = "https://pypi.org/simple" }
dependencies = [
    { name = "typing-extensions" },
]
sdist = { url = "https://files.pythonhosted.org/packages/2a/ef/f7abb56c49382a246fd2ce9c799691e3c3e7175ec74b14d99e798bcddb1a/pydantic_core-2.46.3.tar.gz", hash = "sha256:41c178f65b8c29807239d47e6050262eb6bf84eb695e41101e62e38df4a5bc2c", size = 471412, upload-time = "2026-04-20T14:40:56.672Z" }
wheels = [
    { url = "https://files.pythonhosted.org/packages/4b/cb/5b47425556ecc1f3fe18ed2a0083188aa46e1dd812b06e406475b3a5d536/pydantic_core-2.46.3-cp312-cp312-macosx_10_12_x86_64.whl", hash = "sha256:b11b59b3eee90a80a36701ddb4576d9ae31f93f05cb9e277ceaa09e6bf074a67", size = 2101946, upload-time = "2026-04-20T14:40:52.581Z" },
    { url = "https://files.pythonhosted.org/packages/a1/4f/2fb62c2267cae99b815bbf4a7b9283812c88ca3153ef29f7707200f1d4e5/pydantic_core-2.46.3-cp312-cp312-macosx_11_0_arm64.whl", hash = "sha256:af8653713055ea18a3abc1537fe2ebc42f5b0bbb768d1eb79fd74eb47c0ac089", size = 1951612, upload-time = "2026-04-20T14:42:42.996Z" },
    { url = "https://files.pythonhosted.org/packages/50/6e/b7348fd30d6556d132cddd5bd79f37f96f2601fe0608afac4f5fb01ec0b3/pydantic_core-2.46.3-cp312-cp312-manylinux_2_17_aarch64.manylinux2014_aarch64.whl", hash = "sha256:75a519dab6d63c514f3a81053e5266c549679e4aa88f6ec57f2b7b854aceb1b0", size = 1977027, upload-time = "2026-04-20T14:42:02.001Z" },
    { url = "https://files.pythonhosted.org/packages/82/11/31d60ee2b45540d3fb0b29302a393dbc01cd771c473f5b5147bcd353e593/pydantic_core-2.46.3-cp312-cp312-manylinux_2_17_armv7l.manylinux2014_armv7l.whl", hash = "sha256:a6cd87cb1575b1ad05ba98894c5b5c96411ef678fa2f6ed2576607095b8d9789", size = 2063008, upload-time = "2026-04-20T14:44:17.952Z" },
    { url = "https://files.pythonhosted.org/packages/8a/db/3a9d1957181b59258f44a2300ab0f0be9d1e12d662a4f57bb31250455c52/pydantic_core-2.46.3-cp312-cp312-manylinux_2_17_ppc64le.manylinux2014_ppc64le.whl", hash = "sha256:f80a55484b8d843c8ada81ebf70a682f3f00a3d40e378c06cf17ecb44d280d7d", size = 2233082, upload-time = "2026-04-20T14:40:57.934Z" },
    { url = "https://files.pythonhosted.org/packages/9c/e1/3277c38792aeb5cfb18c2f0c5785a221d9ff4e149abbe1184d53d5f72273/pydantic_core-2.46.3-cp312-cp312-manylinux_2_17_s390x.manylinux2014_s390x.whl", hash = "sha256:3861f1731b90c50a3266316b9044f5c9b405eecb8e299b0a7120596334e4fe9c", size = 2304615, upload-time = "2026-04-20T14:42:12.584Z" },
    { url = "https://files.pythonhosted.org/packages/5e/d5/e3d9717c9eba10855325650afd2a9cba8e607321697f18953af9d562da2f/pydantic_core-2.46.3-cp312-cp312-manylinux_2_17_x86_64.manylinux2014_x86_64.whl", hash = "sha256:fb528e295ed31570ac3dcc9bfdd6e0150bc11ce6168ac87a8082055cf1a67395", size = 2094380, upload-time = "2026-04-20T14:43:05.522Z" },
    { url = "https://files.pythonhosted.org/packages/a1/20/abac35dedcbfd66c6f0b03e4e3564511771d6c9b7ede10a362d03e110d9b/pydantic_core-2.46.3-cp312-cp312-manylinux_2_31_riscv64.whl", hash = "sha256:367508faa4973b992b271ba1494acaab36eb7e8739d1e47be5035fb1ea225396", size = 2135429, upload-time = "2026-04-20T14:41:55.549Z" },
    { url = "https://files.pythonhosted.org/packages/6c/a5/41bfd1df69afad71b5cf0535055bccc73022715ad362edbc124bc1e021d7/pydantic_core-2.46.3-cp312-cp312-manylinux_2_5_i686.manylinux1_i686.whl", hash = "sha256:5ad3c826fe523e4becf4fe39baa44286cff85ef137c729a2c5e269afbfd0905d", size = 2174582, upload-time = "2026-04-20T14:41:45.96Z" },
    { url = "https://files.pythonhosted.org/packages/79/65/38d86ea056b29b2b10734eb23329b7a7672ca604df4f2b6e9c02d4ee22fe/pydantic_core-2.46.3-cp312-cp312-musllinux_1_1_aarch64.whl", hash = "sha256:ec638c5d194ef8af27db69f16c954a09797c0dc25015ad6123eb2c73a4d271ca", size = 2187533, upload-time = "2026-04-20T14:40:55.367Z" },
    { url = "https://files.pythonhosted.org/packages/b6/55/a1129141678a2026badc539ad1dee0a71d06f54c2f06a4bd68c030ac781b/pydantic_core-2.46.3-cp312-cp312-musllinux_1_1_armv7l.whl", hash = "sha256:28ed528c45446062ee66edb1d33df5d88828ae167de76e773a3c7f64bd14e976", size = 2332985, upload-time = "2026-04-20T14:44:13.05Z" },
    { url = "https://files.pythonhosted.org/packages/d7/60/cb26f4077719f709e54819f4e8e1d43f4091f94e285eb6bd21e1190a7b7c/pydantic_core-2.46.3-cp312-cp312-musllinux_1_1_x86_64.whl", hash = "sha256:aed19d0c783886d5bd86d80ae5030006b45e28464218747dcf83dabfdd092c7b", size = 2373670, upload-time = "2026-04-20T14:41:53.421Z" },
    { url = "https://files.pythonhosted.org/packages/6b/7e/c3f21882bdf1d8d086876f81b5e296206c69c6082551d776895de7801fa0/pydantic_core-2.46.3-cp312-cp312-win32.whl", hash = "sha256:06d5d8820cbbdb4147578c1fe7ffcd5b83f34508cb9f9ab76e807be7db6ff0a4", size = 1966722, upload-time = "2026-04-20T14:44:30.588Z" },
    { url = "https://files.pythonhosted.org/packages/57/be/6b5e757b859013ebfbd7adba02f23b428f37c86dcbf78b5bb0b4ffd36e99/pydantic_core-2.46.3-cp312-cp312-win_amd64.whl", hash = "sha256:c3212fda0ee959c1dd04c60b601ec31097aaa893573a3a1abd0a47bcac2968c1", size = 2072970, upload-time = "2026-04-20T14:42:54.248Z" },
    { url = "https://files.pythonhosted.org/packages/bf/f8/a989b21cc75e9a32d24192ef700eea606521221a89faa40c919ce884f2b1/pydantic_core-2.46.3-cp312-cp312-win_arm64.whl", hash = "sha256:f1f8338dd7a7f31761f1f1a3c47503a9a3b34eea3c8b01fa6ee96408affb5e72", size = 2035963, upload-time = "2026-04-20T14:44:20.4Z" },
    { url = "https://files.pythonhosted.org/packages/34/42/f426db557e8ab2791bc7562052299944a118655496fbff99914e564c0a94/pydantic_core-2.46.3-graalpy312-graalpy250_312_native-macosx_10_12_x86_64.whl", hash = "sha256:b12dd51f1187c2eb489af8e20f880362db98e954b54ab792fa5d92e8bcc6b803", size = 2091877, upload-time = "2026-04-20T14:43:27.091Z" },
    { url = "https://files.pythonhosted.org/packages/5c/4f/86a832a9d14df58e663bfdf4627dc00d3317c2bd583c4fb23390b0f04b8e/pydantic_core-2.46.3-graalpy312-graalpy250_312_native-macosx_11_0_arm64.whl", hash = "sha256:f00a0961b125f1a47af7bcc17f00782e12f4cd056f83416006b30111d941dfa3", size = 1932428, upload-time = "2026-04-20T14:40:45.781Z" },
    { url = "https://files.pythonhosted.org/packages/11/1a/fe857968954d93fb78e0d4b6df5c988c74c4aaa67181c60be7cfe327c0ca/pydantic_core-2.46.3-graalpy312-graalpy250_312_native-manylinux_2_17_aarch64.manylinux2014_aarch64.whl", hash = "sha256:57697d7c056aca4bbb680200f96563e841a6386ac1129370a0102592f4dddff5", size = 1997550, upload-time = "2026-04-20T14:44:02.425Z" },
    { url = "https://files.pythonhosted.org/packages/17/eb/9d89ad2d9b0ba8cd65393d434471621b98912abb10fbe1df08e480ba57b5/pydantic_core-2.46.3-graalpy312-graalpy250_312_native-manylinux_2_17_x86_64.manylinux2014_x86_64.whl", hash = "sha256:fd35aa21299def8db7ef4fe5c4ff862941a9a158ca7b63d61e66fe67d30416b4", size = 2137657, upload-time = "2026-04-20T14:42:45.149Z" },
]

[[package]]
name = "python-dotenv"
version = "1.2.2"
source = { registry = "https://pypi.org/simple" }
sdist = { url = "https://files.pythonhosted.org/packages/82/ed/0301aeeac3e5353ef3d94b6ec08bbcabd04a72018415dcb29e588514bba8/python_dotenv-1.2.2.tar.gz", hash = "sha256:2c371a91fbd7ba082c2c1dc1f8bf89ca22564a087c2c287cd9b662adde799cf3", size = 50135, upload-time = "2026-03-01T16:00:26.196Z" }
wheels = [
    { url = "https://files.pythonhosted.org/packages/0b/d7/1959b9648791274998a9c3526f6d0ec8fd2233e4d4acce81bbae76b44b2a/python_dotenv-1.2.2-py3-none-any.whl", hash = "sha256:1d8214789a24de455a8b8bd8ae6fe3c6b69a5e3d64aa8a8e5d68e694bbcb285a", size = 22101, upload-time = "2026-03-01T16:00:25.09Z" },
]

[[package]]
name = "sniffio"
version = "1.3.1"
source = { registry = "https://pypi.org/simple" }
sdist = { url = "https://files.pythonhosted.org/packages/a2/87/a6771e1546d97e7e041b6ae58d80074f81b7d5121207425c964ddf5cfdbd/sniffio-1.3.1.tar.gz", hash = "sha256:f4324edc670a0f49750a81b895f35c3adb843cca46f0530f79fc1babb23789dc", size = 20372, upload-time = "2024-02-25T23:20:04.057Z" }
wheels = [
    { url = "https://files.pythonhosted.org/packages/e9/44/75a9c9421471a6c4805dbf2356f7c181a29c1879239abab1ea2cc8f38b40/sniffio-1.3.1-py3-none-any.whl", hash = "sha256:2f6da418d1f1e0fddd844478f41680e794e6051915791a034ff65e5f100525a2", size = 10235, upload-time = "2024-02-25T23:20:01.196Z" },
]

[[package]]
name = "tqdm"
version = "4.67.3"
source = { registry = "https://pypi.org/simple" }
dependencies = [
    { name = "colorama", marker = "sys_platform == 'win32'" },
]
sdist = { url = "https://files.pythonhosted.org/packages/09/a9/6ba95a270c6f1fbcd8dac228323f2777d886cb206987444e4bce66338dd4/tqdm-4.67.3.tar.gz", hash = "sha256:7d825f03f89244ef73f1d4ce193cb1774a8179fd96f31d7e1dcde62092b960bb", size = 169598, upload-time = "2026-02-03T17:35:53.048Z" }
wheels = [
    { url = "https://files.pythonhosted.org/packages/16/e1/3079a9ff9b8e11b846c6ac5c8b5bfb7ff225eee721825310c91b3b50304f/tqdm-4.67.3-py3-none-any.whl", hash = "sha256:ee1e4c0e59148062281c49d80b25b67771a127c85fc9676d3be5f243206826bf", size = 78374, upload-time = "2026-02-03T17:35:50.982Z" },
]

[[package]]
name = "typing-extensions"
version = "4.15.0"
source = { registry = "https://pypi.org/simple" }
sdist = { url = "https://files.pythonhosted.org/packages/72/94/1a15dd82efb362ac84269196e94cf00f187f7ed21c242792a923cdb1c61f/typing_extensions-4.15.0.tar.gz", hash = "sha256:0cea48d173cc12fa28ecabc3b837ea3cf6f38c6d1136f85cbaaf598984861466", size = 109391, upload-time = "2025-08-25T13:49:26.313Z" }
wheels = [
    { url = "https://files.pythonhosted.org/packages/18/67/36e9267722cc04a6b9f15c7f3441c2363321a3ea07da7ae0c0707beb2a9c/typing_extensions-4.15.0-py3-none-any.whl", hash = "sha256:f0fa19c6845758ab08074a0cfa8b7aecb71c999ca73d62883bc25cc018c4e548", size = 44614, upload-time = "2025-08-25T13:49:24.86Z" },
]

[[package]]
name = "typing-inspection"
version = "0.4.2"
source = { registry = "https://pypi.org/simple" }
dependencies = [
    { name = "typing-extensions" },
]
sdist = { url = "https://files.pythonhosted.org/packages/55/e3/70399cb7dd41c10ac53367ae42139cf4b1ca5f36bb3dc6c9d33acdb43655/typing_inspection-0.4.2.tar.gz", hash = "sha256:ba561c48a67c5958007083d386c3295464928b01faa735ab8547c5692e87f464", size = 75949, upload-time = "2025-10-01T02:14:41.687Z" }
wheels = [
    { url = "https://files.pythonhosted.org/packages/dc/9b/47798a6c91d8bdb567fe2698fe81e0c6b7cb7ef4d13da4114b41d239f65d/typing_inspection-0.4.2-py3-none-any.whl", hash = "sha256:4ed1cacbdc298c220f1bd249ed5287caa16f34d44ef4e9c3d0cbad5b521545e7", size = 14611, upload-time = "2025-10-01T02:14:40.154Z" },
]
